
Microsoft Visual Studio Solution File, Format Version 12.00
# Visual Studio 15
VisualStudioVersion = 15.0.27703.2047
MinimumVisualStudioVersion = 10.0.40219.1
Project("{FAE04EC0-301F-11D3-BF4B-00C04F79EFBC}") = "BasicConsoleIO", "BasicConsoleIO\BasicConsoleIO.csproj", "{C797CD63-9E4D-4C87-8BF3-860C466A737D}"
EndProject
Global
	GlobalSection(SolutionConfigurationPlatforms) = preSolution
		Debug|Any CPU = Debug|Any CPU
		Release|Any CPU = Release|Any CPU
	EndGlobalSection
	GlobalSection(ProjectConfigurationPlatforms) = postSolution
		{C797CD63-9E4D-4C87-8BF3-860C466A737D}.Debug|Any CPU.ActiveCfg = Debug|Any CPU
		{C797CD63-9E4D-4C87-8BF3-860C466A737D}.Debug|Any CPU.Build.0 = Debug|Any CPU
		{C797CD63-9E4D-4C87-8BF3-860C466A737D}.Release|Any CPU.ActiveCfg = Release|Any CPU
		{C797CD63-9E4D-4C87-8BF3-860C466A737D}.Release|Any CPU.Build.0 = Release|Any CPU
	EndGlobalSection
	GlobalSection(SolutionProperties) = preSolution
		HideSolutionNode = FALSE
	EndGlobalSection
	GlobalSection(ExtensibilityGlobals) = postSolution
		SolutionGuid = {35DDC1E7-5B86-471E-87B0-44B4C96140A6}
	EndGlobalSection
EndGlobal
